
Microsoft Visual Studio Solution File, Format Version 12.00
# Visual Studio Version 17
VisualStudioVersion = 17.7.34024.191
MinimumVisualStudioVersion = 10.0.40219.1
Project("{FAE04EC0-301F-11D3-BF4B-00C04F79EFBC}") = "Number 7 02.09.2023", "Number 7 02.09.2023\Number 7 02.09.2023.csproj", "{3BFC0A2C-B6EA-4E05-BACC-4514E9D4E1CE}"
EndProject
Global
	GlobalSection(SolutionConfigurationPlatforms) = preSolution
		Debug|Any CPU = Debug|Any CPU
		Release|Any CPU = Release|Any CPU
	EndGlobalSection
	GlobalSection(ProjectConfigurationPlatforms) = postSolution
		{3BFC0A2C-B6EA-4E05-BACC-4514E9D4E1CE}.Debug|Any CPU.ActiveCfg = Debug|Any CPU
		{3BFC0A2C-B6EA-4E05-BACC-4514E9D4E1CE}.Debug|Any CPU.Build.0 = Debug|Any CPU
		{3BFC0A2C-B6EA-4E05-BACC-4514E9D4E1CE}.Release|Any CPU.ActiveCfg = Release|Any CPU
		{3BFC0A2C-B6EA-4E05-BACC-4514E9D4E1CE}.Release|Any CPU.Build.0 = Release|Any CPU
	EndGlobalSection
	GlobalSection(SolutionProperties) = preSolution
		HideSolutionNode = FALSE
	EndGlobalSection
	GlobalSection(ExtensibilityGlobals) = postSolution
		SolutionGuid = {55864C46-7772-4EA2-8CC1-9193FF08C26B}
	EndGlobalSection
EndGlobal
